
Microsoft Visual Studio Solution File, Format Version 12.00
# Visual Studio Version 17
VisualStudioVersion = 17.5.002.0
MinimumVisualStudioVersion = 10.0.40219.1
Project("{2150E333-8FDC-42A3-9474-1A3956D46DE8}") = "backend", "backend", "{01A47569-69AE-4750-930F-A00C135371B5}"
EndProject
Project("{9A19103F-16F7-4668-BE54-9A1E7A4F7556}") = "api", "backend\api\api.csproj", "{7D1972CE-AB77-45C5-85B1-6BC4282BAC1C}"
EndProject
Global
	GlobalSection(SolutionConfigurationPlatforms) = preSolution
		Debug|Any CPU = Debug|Any CPU
		Release|Any CPU = Release|Any CPU
	EndGlobalSection
	GlobalSection(ProjectConfigurationPlatforms) = postSolution
		{7D1972CE-AB77-45C5-85B1-6BC4282BAC1C}.Debug|Any CPU.ActiveCfg = Debug|Any CPU
		{7D1972CE-AB77-45C5-85B1-6BC4282BAC1C}.Debug|Any CPU.Build.0 = Debug|Any CPU
		{7D1972CE-AB77-45C5-85B1-6BC4282BAC1C}.Release|Any CPU.ActiveCfg = Release|Any CPU
		{7D1972CE-AB77-45C5-85B1-6BC4282BAC1C}.Release|Any CPU.Build.0 = Release|Any CPU
	EndGlobalSection
	GlobalSection(SolutionProperties) = preSolution
		HideSolutionNode = FALSE
	EndGlobalSection
	GlobalSection(NestedProjects) = preSolution
		{7D1972CE-AB77-45C5-85B1-6BC4282BAC1C} = {01A47569-69AE-4750-930F-A00C135371B5}
	EndGlobalSection
	GlobalSection(ExtensibilityGlobals) = postSolution
		SolutionGuid = {96C49C4E-9FBD-4FAB-9252-1D2BED03FE23}
	EndGlobalSection
EndGlobal
